
Microsoft Visual Studio Solution File, Format Version 12.00
# Visual Studio 15
VisualStudioVersion = 15.0.28307.168
MinimumVisualStudioVersion = 10.0.40219.1
Project("{FAE04EC0-301F-11D3-BF4B-00C04F79EFBC}") = "InorderSucessor", "InorderSucessor\InorderSucessor.csproj", "{08F3D7E3-7EE9-4DBA-A1B3-5F659C6849FB}"
EndProject
Global
	GlobalSection(SolutionConfigurationPlatforms) = preSolution
		Debug|Any CPU = Debug|Any CPU
		Release|Any CPU = Release|Any CPU
	EndGlobalSection
	GlobalSection(ProjectConfigurationPlatforms) = postSolution
		{08F3D7E3-7EE9-4DBA-A1B3-5F659C6849FB}.Debug|Any CPU.ActiveCfg = Debug|Any CPU
		{08F3D7E3-7EE9-4DBA-A1B3-5F659C6849FB}.Debug|Any CPU.Build.0 = Debug|Any CPU
		{08F3D7E3-7EE9-4DBA-A1B3-5F659C6849FB}.Release|Any CPU.ActiveCfg = Release|Any CPU
		{08F3D7E3-7EE9-4DBA-A1B3-5F659C6849FB}.Release|Any CPU.Build.0 = Release|Any CPU
	EndGlobalSection
	GlobalSection(SolutionProperties) = preSolution
		HideSolutionNode = FALSE
	EndGlobalSection
	GlobalSection(ExtensibilityGlobals) = postSolution
		SolutionGuid = {BAE8C8F6-F0F4-4B8E-9E64-74389BFE1449}
	EndGlobalSection
EndGlobal
